// !$*UTF8*$!
{
	archiveVersion = 1;
	classes = {
	};
	objectVersion = 46;
	objects = {

/* Begin PBXBuildFile section */
		1DDD58160DA1D0A300B32029 /* MainMenu.xib in Resources */ = {isa = PBXBuildFile; fileRef = 1DDD58140DA1D0A300B32029 /* MainMenu.xib */; };
		311329830E9496C300C8397D /* WebKit.framework in Frameworks */ = {isa = PBXBuildFile; fileRef = 311329820E9496C300C8397D /* WebKit.framework */; };
		3153932C0E96B5F500118C54 /* PhotoNode.m in Sources */ = {isa = PBXBuildFile; fileRef = 3153932B0E96B5F500118C54 /* PhotoNode.m */; };
		316016C41474588200E88316 /* SideBarDataSource.m in Sources */ = {isa = PBXBuildFile; fileRef = 316016C31474588200E88316 /* SideBarDataSource.m */; };
		316AA86D0E94AF9600CFE410 /* mapa.html in Resources */ = {isa = PBXBuildFile; fileRef = 316AA86C0E94AF9600CFE410 /* mapa.html */; };
		31AA76CE0E95F649003E37E7 /* TrackNode.m in Sources */ = {isa = PBXBuildFile; fileRef = 31AA76CD0E95F649003E37E7 /* TrackNode.m */; };
		31C3236B0E96ED9E00B5AC98 /* GPSPoint.m in Sources */ = {isa = PBXBuildFile; fileRef = 31C3236A0E96ED9E00B5AC98 /* GPSPoint.m */; };
		31C54ED80E92A00A004F5997 /* AppController.m in Sources */ = {isa = PBXBuildFile; fileRef = 31C54ED70E92A00A004F5997 /* AppController.m */; };
		31D287561475D116003B41BE /* DragAndDropOutlineView.m in Sources */ = {isa = PBXBuildFile; fileRef = 31D287551475D116003B41BE /* DragAndDropOutlineView.m */; };
		31D606630E8E0DE90042B48F /* IOKit.framework in Frameworks */ = {isa = PBXBuildFile; fileRef = 31D606620E8E0DE90042B48F /* IOKit.framework */; };
		31F4089F123C8EF60028EA27 /* google_city.xq in Resources */ = {isa = PBXBuildFile; fileRef = 31F4089E123C8EF60028EA27 /* google_city.xq */; };
		31F4FF861475F88A00C7DF7F /* TimeOffsetView.m in Sources */ = {isa = PBXBuildFile; fileRef = 31F4FF851475F88900C7DF7F /* TimeOffsetView.m */; };
		8D11072B0486CEB800E47090 /* InfoPlist.strings in Resources */ = {isa = PBXBuildFile; fileRef = 089C165CFE840E0CC02AAC07 /* InfoPlist.strings */; };
		8D11072D0486CEB800E47090 /* main.m in Sources */ = {isa = PBXBuildFile; fileRef = 29B97316FDCFA39411CA2CEA /* main.m */; settings = {ATTRIBUTES = (); }; };
		8D11072F0486CEB800E47090 /* Cocoa.framework in Frameworks */ = {isa = PBXBuildFile; fileRef = 1058C7A1FEA54F0111CA2CBB /* Cocoa.framework */; };
/* End PBXBuildFile section */

/* Begin PBXFileReference section */
		089C165DFE840E0CC02AAC07 /* English */ = {isa = PBXFileReference; fileEncoding = 10; lastKnownFileType = text.plist.strings; name = English; path = English.lproj/InfoPlist.strings; sourceTree = "<group>"; };
		1058C7A1FEA54F0111CA2CBB /* Cocoa.framework */ = {isa = PBXFileReference; lastKnownFileType = wrapper.framework; name = Cocoa.framework; path = /System/Library/Frameworks/Cocoa.framework; sourceTree = "<absolute>"; };
		13E42FB307B3F0F600E4EEF1 /* CoreData.framework */ = {isa = PBXFileReference; lastKnownFileType = wrapper.framework; name = CoreData.framework; path = /System/Library/Frameworks/CoreData.framework; sourceTree = "<absolute>"; };
		1DDD58150DA1D0A300B32029 /* English */ = {isa = PBXFileReference; lastKnownFileType = file.xib; name = English; path = English.lproj/MainMenu.xib; sourceTree = "<group>"; };
		29B97316FDCFA39411CA2CEA /* main.m */ = {isa = PBXFileReference; fileEncoding = 4; lastKnownFileType = sourcecode.c.objc; path = main.m; sourceTree = "<group>"; };
		29B97324FDCFA39411CA2CEA /* AppKit.framework */ = {isa = PBXFileReference; lastKnownFileType = wrapper.framework; name = AppKit.framework; path = /System/Library/Frameworks/AppKit.framework; sourceTree = "<absolute>"; };
		29B97325FDCFA39411CA2CEA /* Foundation.framework */ = {isa = PBXFileReference; lastKnownFileType = wrapper.framework; name = Foundation.framework; path = /System/Library/Frameworks/Foundation.framework; sourceTree = "<absolute>"; };
		311329820E9496C300C8397D /* WebKit.framework */ = {isa = PBXFileReference; lastKnownFileType = wrapper.framework; name = WebKit.framework; path = /System/Library/Frameworks/WebKit.framework; sourceTree = "<absolute>"; };
		3153932A0E96B5F500118C54 /* English */ = {isa = PBXFileReference; fileEncoding = 4; lastKnownFileType = sourcecode.c.h; name = English; path = English.lproj/PhotoNode.h; sourceTree = "<group>"; };
		3153932B0E96B5F500118C54 /* PhotoNode.m */ = {isa = PBXFileReference; fileEncoding = 4; lastKnownFileType = sourcecode.c.objc; path = PhotoNode.m; sourceTree = "<group>"; };
		316016C21474588200E88316 /* SideBarDataSource.h */ = {isa = PBXFileReference; fileEncoding = 4; lastKnownFileType = sourcecode.c.h; path = SideBarDataSource.h; sourceTree = "<group>"; };
		316016C31474588200E88316 /* SideBarDataSource.m */ = {isa = PBXFileReference; fileEncoding = 4; lastKnownFileType = sourcecode.c.objc; path = SideBarDataSource.m; sourceTree = "<group>"; };
		316AA86C0E94AF9600CFE410 /* mapa.html */ = {isa = PBXFileReference; fileEncoding = 4; lastKnownFileType = text.html; path = mapa.html; sourceTree = "<group>"; };
		31AA76CC0E95F649003E37E7 /* TrackNode.h */ = {isa = PBXFileReference; fileEncoding = 4; lastKnownFileType = sourcecode.c.h; path = TrackNode.h; sourceTree = "<group>"; };
		31AA76CD0E95F649003E37E7 /* TrackNode.m */ = {isa = PBXFileReference; fileEncoding = 4; lastKnownFileType = sourcecode.c.objc; path = TrackNode.m; sourceTree = "<group>"; };
		31C323690E96ED9E00B5AC98 /* GPSPoint.h */ = {isa = PBXFileReference; fileEncoding = 4; lastKnownFileType = sourcecode.c.h; path = GPSPoint.h; sourceTree = "<group>"; };
		31C3236A0E96ED9E00B5AC98 /* GPSPoint.m */ = {isa = PBXFileReference; fileEncoding = 4; lastKnownFileType = sourcecode.c.objc; path = GPSPoint.m; sourceTree = "<group>"; };
		31C54ED60E92A00A004F5997 /* AppController.h */ = {isa = PBXFileReference; fileEncoding = 4; lastKnownFileType = sourcecode.c.h; path = AppController.h; sourceTree = "<group>"; };
		31C54ED70E92A00A004F5997 /* AppController.m */ = {isa = PBXFileReference; fileEncoding = 4; lastKnownFileType = sourcecode.c.objc; path = AppController.m; sourceTree = "<group>"; };
		31D287541475D116003B41BE /* DragAndDropOutlineView.h */ = {isa = PBXFileReference; fileEncoding = 4; lastKnownFileType = sourcecode.c.h; path = DragAndDropOutlineView.h; sourceTree = "<group>"; };
		31D287551475D116003B41BE /* DragAndDropOutlineView.m */ = {isa = PBXFileReference; fileEncoding = 4; lastKnownFileType = sourcecode.c.objc; path = DragAndDropOutlineView.m; sourceTree = "<group>"; };
		31D287571475EB44003B41BE /* GPSLogger.entitlements */ = {isa = PBXFileReference; lastKnownFileType = text.xml; path = GPSLogger.entitlements; sourceTree = "<group>"; };
		31D606620E8E0DE90042B48F /* IOKit.framework */ = {isa = PBXFileReference; lastKnownFileType = wrapper.framework; name = IOKit.framework; path = /System/Library/Frameworks/IOKit.framework; sourceTree = "<absolute>"; };
		31F4089E123C8EF60028EA27 /* google_city.xq */ = {isa = PBXFileReference; fileEncoding = 4; lastKnownFileType = text; path = google_city.xq; sourceTree = "<group>"; };
		31F4FF841475F88900C7DF7F /* TimeOffsetView.h */ = {isa = PBXFileReference; fileEncoding = 4; lastKnownFileType = sourcecode.c.h; path = TimeOffsetView.h; sourceTree = "<group>"; };
		31F4FF851475F88900C7DF7F /* TimeOffsetView.m */ = {isa = PBXFileReference; fileEncoding = 4; lastKnownFileType = sourcecode.c.objc; path = TimeOffsetView.m; sourceTree = "<group>"; };
		32CA4F630368D1EE00C91783 /* GPSLogger_Prefix.pch */ = {isa = PBXFileReference; fileEncoding = 4; lastKnownFileType = sourcecode.c.h; path = GPSLogger_Prefix.pch; sourceTree = "<group>"; };
		8D1107310486CEB800E47090 /* Info.plist */ = {isa = PBXFileReference; fileEncoding = 4; lastKnownFileType = text.plist.xml; path = Info.plist; sourceTree = "<group>"; };
		8D1107320486CEB800E47090 /* GPSLogger.app */ = {isa = PBXFileReference; explicitFileType = wrapper.application; includeInIndex = 0; path = GPSLogger.app; sourceTree = BUILT_PRODUCTS_DIR; };
/* End PBXFileReference section */

/* Begin PBXFrameworksBuildPhase section */
		8D11072E0486CEB800E47090 /* Frameworks */ = {
			isa = PBXFrameworksBuildPhase;
			buildActionMask = 2147483647;
			files = (
				8D11072F0486CEB800E47090 /* Cocoa.framework in Frameworks */,
				31D606630E8E0DE90042B48F /* IOKit.framework in Frameworks */,
				311329830E9496C300C8397D /* WebKit.framework in Frameworks */,
			);
			runOnlyForDeploymentPostprocessing = 0;
		};
/* End PBXFrameworksBuildPhase section */

/* Begin PBXGroup section */
		1058C7A0FEA54F0111CA2CBB /* Linked Frameworks */ = {
			isa = PBXGroup;
			children = (
				311329820E9496C300C8397D /* WebKit.framework */,
				31D606620E8E0DE90042B48F /* IOKit.framework */,
				1058C7A1FEA54F0111CA2CBB /* Cocoa.framework */,
			);
			name = "Linked Frameworks";
			sourceTree = "<group>";
		};
		1058C7A2FEA54F0111CA2CBB /* Other Frameworks */ = {
			isa = PBXGroup;
			children = (
				29B97324FDCFA39411CA2CEA /* AppKit.framework */,
				13E42FB307B3F0F600E4EEF1 /* CoreData.framework */,
				29B97325FDCFA39411CA2CEA /* Foundation.framework */,
			);
			name = "Other Frameworks";
			sourceTree = "<group>";
		};
		19C28FACFE9D520D11CA2CBB /* Products */ = {
			isa = PBXGroup;
			children = (
				8D1107320486CEB800E47090 /* GPSLogger.app */,
			);
			name = Products;
			sourceTree = "<group>";
		};
		29B97314FDCFA39411CA2CEA /* GPSLogger */ = {
			isa = PBXGroup;
			children = (
				31D287571475EB44003B41BE /* GPSLogger.entitlements */,
				31C323690E96ED9E00B5AC98 /* GPSPoint.h */,
				31C3236A0E96ED9E00B5AC98 /* GPSPoint.m */,
				31C54ED60E92A00A004F5997 /* AppController.h */,
				31C54ED70E92A00A004F5997 /* AppController.m */,
				31F4FF841475F88900C7DF7F /* TimeOffsetView.h */,
				31F4FF851475F88900C7DF7F /* TimeOffsetView.m */,
				31D287541475D116003B41BE /* DragAndDropOutlineView.h */,
				31D287551475D116003B41BE /* DragAndDropOutlineView.m */,
				316016C21474588200E88316 /* SideBarDataSource.h */,
				316016C31474588200E88316 /* SideBarDataSource.m */,
				31AA76CC0E95F649003E37E7 /* TrackNode.h */,
				31AA76CD0E95F649003E37E7 /* TrackNode.m */,
				31A613490E99934300B18B2C /* PhotoNode.h */,
				3153932B0E96B5F500118C54 /* PhotoNode.m */,
				1DDD58140DA1D0A300B32029 /* MainMenu.xib */,
				31D5B37F0EAC107E00084B43 /* xquery */,
				316AA86C0E94AF9600CFE410 /* mapa.html */,
				29B97315FDCFA39411CA2CEA /* Other Sources */,
				29B97317FDCFA39411CA2CEA /* Resources */,
				29B97323FDCFA39411CA2CEA /* Frameworks */,
				19C28FACFE9D520D11CA2CBB /* Products */,
			);
			name = GPSLogger;
			sourceTree = "<group>";
		};
		29B97315FDCFA39411CA2CEA /* Other Sources */ = {
			isa = PBXGroup;
			children = (
				32CA4F630368D1EE00C91783 /* GPSLogger_Prefix.pch */,
				29B97316FDCFA39411CA2CEA /* main.m */,
			);
			name = "Other Sources";
			sourceTree = "<group>";
		};
		29B97317FDCFA39411CA2CEA /* Resources */ = {
			isa = PBXGroup;
			children = (
				8D1107310486CEB800E47090 /* Info.plist */,
				089C165CFE840E0CC02AAC07 /* InfoPlist.strings */,
			);
			name = Resources;
			sourceTree = "<group>";
		};
		29B97323FDCFA39411CA2CEA /* Frameworks */ = {
			isa = PBXGroup;
			children = (
				1058C7A0FEA54F0111CA2CBB /* Linked Frameworks */,
				1058C7A2FEA54F0111CA2CBB /* Other Frameworks */,
			);
			name = Frameworks;
			sourceTree = "<group>";
		};
		31D5B37F0EAC107E00084B43 /* xquery */ = {
			isa = PBXGroup;
			children = (
				31F4089E123C8EF60028EA27 /* google_city.xq */,
			);
			name = xquery;
			sourceTree = "<group>";
		};
/* End PBXGroup section */

/* Begin PBXNativeTarget section */
		8D1107260486CEB800E47090 /* GPSLogger */ = {
			isa = PBXNativeTarget;
			buildConfigurationList = C01FCF4A08A954540054247B /* Build configuration list for PBXNativeTarget "GPSLogger" */;
			buildPhases = (
				8D1107290486CEB800E47090 /* Resources */,
				8D11072C0486CEB800E47090 /* Sources */,
				8D11072E0486CEB800E47090 /* Frameworks */,
			);
			buildRules = (
			);
			dependencies = (
			);
			name = GPSLogger;
			productInstallPath = "$(HOME)/Applications";
			productName = GPSLogger;
			productReference = 8D1107320486CEB800E47090 /* GPSLogger.app */;
			productType = "com.apple.product-type.application";
		};
/* End PBXNativeTarget section */

/* Begin PBXProject section */
		29B97313FDCFA39411CA2CEA /* Project object */ = {
			isa = PBXProject;
			attributes = {
				LastUpgradeCheck = 0420;
			};
			buildConfigurationList = C01FCF4E08A954540054247B /* Build configuration list for PBXProject "GPSLogger" */;
			compatibilityVersion = "Xcode 3.2";
			developmentRegion = English;
			hasScannedForEncodings = 1;
			knownRegions = (
				en,
			);
			mainGroup = 29B97314FDCFA39411CA2CEA /* GPSLogger */;
			projectDirPath = "";
			projectRoot = "";
			targets = (
				8D1107260486CEB800E47090 /* GPSLogger */,
			);
		};
/* End PBXProject section */

/* Begin PBXResourcesBuildPhase section */
		8D1107290486CEB800E47090 /* Resources */ = {
			isa = PBXResourcesBuildPhase;
			buildActionMask = 2147483647;
			files = (
				8D11072B0486CEB800E47090 /* InfoPlist.strings in Resources */,
				1DDD58160DA1D0A300B32029 /* MainMenu.xib in Resources */,
				316AA86D0E94AF9600CFE410 /* mapa.html in Resources */,
				31F4089F123C8EF60028EA27 /* google_city.xq in Resources */,
			);
			runOnlyForDeploymentPostprocessing = 0;
		};
/* End PBXResourcesBuildPhase section */

/* Begin PBXSourcesBuildPhase section */
		8D11072C0486CEB800E47090 /* Sources */ = {
			isa = PBXSourcesBuildPhase;
			buildActionMask = 2147483647;
			files = (
				8D11072D0486CEB800E47090 /* main.m in Sources */,
				31C54ED80E92A00A004F5997 /* AppController.m in Sources */,
				31AA76CE0E95F649003E37E7 /* TrackNode.m in Sources */,
				3153932C0E96B5F500118C54 /* PhotoNode.m in Sources */,
				31C3236B0E96ED9E00B5AC98 /* GPSPoint.m in Sources */,
				316016C41474588200E88316 /* SideBarDataSource.m in Sources */,
				31D287561475D116003B41BE /* DragAndDropOutlineView.m in Sources */,
				31F4FF861475F88A00C7DF7F /* TimeOffsetView.m in Sources */,
			);
			runOnlyForDeploymentPostprocessing = 0;
		};
/* End PBXSourcesBuildPhase section */

/* Begin PBXVariantGroup section */
		089C165CFE840E0CC02AAC07 /* InfoPlist.strings */ = {
			isa = PBXVariantGroup;
			children = (
				089C165DFE840E0CC02AAC07 /* English */,
			);
			name = InfoPlist.strings;
			sourceTree = "<group>";
		};
		1DDD58140DA1D0A300B32029 /* MainMenu.xib */ = {
			isa = PBXVariantGroup;
			children = (
				1DDD58150DA1D0A300B32029 /* English */,
			);
			name = MainMenu.xib;
			sourceTree = "<group>";
		};
		31A613490E99934300B18B2C /* PhotoNode.h */ = {
			isa = PBXVariantGroup;
			children = (
				3153932A0E96B5F500118C54 /* English */,
			);
			name = PhotoNode.h;
			sourceTree = "<group>";
		};
/* End PBXVariantGroup section */

/* Begin XCBuildConfiguration section */
		C01FCF4B08A954540054247B /* Debug */ = {
			isa = XCBuildConfiguration;
			buildSettings = {
				ALWAYS_SEARCH_USER_PATHS = NO;
				CLANG_ENABLE_OBJC_ARC = YES;
				CODE_SIGN_ENTITLEMENTS = GPSLogger.entitlements;
				COPY_PHASE_STRIP = NO;
				FRAMEWORK_SEARCH_PATHS = (
					"$(inherited)",
					"\"$(SRCROOT)\"",
				);
				GCC_DYNAMIC_NO_PIC = NO;
				GCC_MODEL_TUNING = G5;
				GCC_OPTIMIZATION_LEVEL = 0;
				GCC_PRECOMPILE_PREFIX_HEADER = YES;
				GCC_PREFIX_HEADER = GPSLogger_Prefix.pch;
				GCC_VERSION = com.apple.compilers.llvm.clang.1_0;
				INFOPLIST_FILE = Info.plist;
				INSTALL_PATH = "$(HOME)/Applications";
				PRODUCT_NAME = GPSLogger;
			};
			name = Debug;
		};
		C01FCF4C08A954540054247B /* Release */ = {
			isa = XCBuildConfiguration;
			buildSettings = {
				ALWAYS_SEARCH_USER_PATHS = NO;
				CLANG_ENABLE_OBJC_ARC = YES;
				CODE_SIGN_ENTITLEMENTS = GPSLogger.entitlements;
				DEBUG_INFORMATION_FORMAT = "dwarf-with-dsym";
				FRAMEWORK_SEARCH_PATHS = (
					"$(inherited)",
					"\"$(SRCROOT)\"",
				);
				GCC_MODEL_TUNING = G5;
				GCC_PRECOMPILE_PREFIX_HEADER = YES;
				GCC_PREFIX_HEADER = GPSLogger_Prefix.pch;
				GCC_VERSION = com.apple.compilers.llvm.clang.1_0;
				INFOPLIST_FILE = Info.plist;
				INSTALL_PATH = "$(HOME)/Applications";
				PRODUCT_NAME = GPSLogger;
			};
			name = Release;
		};
		C01FCF4F08A954540054247B /* Debug */ = {
			isa = XCBuildConfiguration;
			buildSettings = {
				ARCHS = "$(ARCHS_STANDARD_32_64_BIT)";
				GCC_C_LANGUAGE_STANDARD = c99;
				GCC_OPTIMIZATION_LEVEL = 0;
				GCC_PREPROCESSOR_DEFINITIONS = DEBUG;
				GCC_WARN_ABOUT_RETURN_TYPE = YES;
				GCC_WARN_UNUSED_VARIABLE = YES;
				MACOSX_DEPLOYMENT_TARGET = 10.7;
				ONLY_ACTIVE_ARCH = YES;
				SDKROOT = macosx;
			};
			name = Debug;
		};
		C01FCF5008A954540054247B /* Release */ = {
			isa = XCBuildConfiguration;
			buildSettings = {
				ARCHS = "$(ARCHS_STANDARD_32_64_BIT)";
				GCC_C_LANGUAGE_STANDARD = c99;
				GCC_WARN_ABOUT_RETURN_TYPE = YES;
				GCC_WARN_UNUSED_VARIABLE = YES;
				MACOSX_DEPLOYMENT_TARGET = 10.7;
				ONLY_ACTIVE_ARCH = YES;
				SDKROOT = macosx;
			};
			name = Release;
		};
/* End XCBuildConfiguration section */

/* Begin XCConfigurationList section */
		C01FCF4A08A954540054247B /* Build configuration list for PBXNativeTarget "GPSLogger" */ = {
			isa = XCConfigurationList;
			buildConfigurations = (
				C01FCF4B08A954540054247B /* Debug */,
				C01FCF4C08A954540054247B /* Release */,
			);
			defaultConfigurationIsVisible = 0;
			defaultConfigurationName = Release;
		};
		C01FCF4E08A954540054247B /* Build configuration list for PBXProject "GPSLogger" */ = {
			isa = XCConfigurationList;
			buildConfigurations = (
				C01FCF4F08A954540054247B /* Debug */,
				C01FCF5008A954540054247B /* Release */,
			);
			defaultConfigurationIsVisible = 0;
			defaultConfigurationName = Release;
		};
/* End XCConfigurationList section */
	};
	rootObject = 29B97313FDCFA39411CA2CEA /* Project object */;
}
