// !$*UTF8*$!
{
	archiveVersion = 1;
	classes = {
	};
	objectVersion = 45;
	objects = {

/* Begin PBXBuildFile section */
		1DDD58160DA1D0A300B32029 /* MainMenu.xib in Resources */ = {isa = PBXBuildFile; fileRef = 1DDD58140DA1D0A300B32029 /* MainMenu.xib */; };
		311327B00E94513C00C8397D /* LinksNode.m in Sources */ = {isa = PBXBuildFile; fileRef = 311327AF0E94513C00C8397D /* LinksNode.m */; };
		311329830E9496C300C8397D /* WebKit.framework in Frameworks */ = {isa = PBXBuildFile; fileRef = 311329820E9496C300C8397D /* WebKit.framework */; };
		3153932C0E96B5F500118C54 /* PhotoNode.m in Sources */ = {isa = PBXBuildFile; fileRef = 3153932B0E96B5F500118C54 /* PhotoNode.m */; };
		316AA86D0E94AF9600CFE410 /* mapa.html in Resources */ = {isa = PBXBuildFile; fileRef = 316AA86C0E94AF9600CFE410 /* mapa.html */; };
		317FCEE00E8E00D1006EA6A3 /* Device.m in Sources */ = {isa = PBXBuildFile; fileRef = 317FCEDF0E8E00D1006EA6A3 /* Device.m */; };
		31AA74E30E95C83D003E37E7 /* PointNode.m in Sources */ = {isa = PBXBuildFile; fileRef = 31AA74E20E95C83D003E37E7 /* PointNode.m */; };
		31AA76CE0E95F649003E37E7 /* TrackNode.m in Sources */ = {isa = PBXBuildFile; fileRef = 31AA76CD0E95F649003E37E7 /* TrackNode.m */; };
		31B376790E9B3640006C3056 /* ControlController.m in Sources */ = {isa = PBXBuildFile; fileRef = 31B376780E9B3640006C3056 /* ControlController.m */; };
		31B5F25A0EB595B7008CD615 /* ImageAndTextCell.m in Sources */ = {isa = PBXBuildFile; fileRef = 31B5F2590EB595B7008CD615 /* ImageAndTextCell.m */; };
		31C2251F0EA85FE6000C97F1 /* GLFlickr.m in Sources */ = {isa = PBXBuildFile; fileRef = 31C2251E0EA85FE6000C97F1 /* GLFlickr.m */; };
		31C3236B0E96ED9E00B5AC98 /* GPSPoint.m in Sources */ = {isa = PBXBuildFile; fileRef = 31C3236A0E96ED9E00B5AC98 /* GPSPoint.m */; };
		31C54ED80E92A00A004F5997 /* AppController.m in Sources */ = {isa = PBXBuildFile; fileRef = 31C54ED70E92A00A004F5997 /* AppController.m */; };
		31CBBBFE0EAF0F4D00499DCC /* photosize.xq in Resources */ = {isa = PBXBuildFile; fileRef = 31CBBBFD0EAF0EBC00499DCC /* photosize.xq */; };
		31D5B3CE0EAC12BB00084B43 /* photosets.xq in Resources */ = {isa = PBXBuildFile; fileRef = 31D5B3800EAC10BC00084B43 /* photosets.xq */; };
		31D5B5230EAC1E7800084B43 /* photolist.xq in Resources */ = {isa = PBXBuildFile; fileRef = 31D5B5210EAC1D5300084B43 /* photolist.xq */; };
		31D606630E8E0DE90042B48F /* IOKit.framework in Frameworks */ = {isa = PBXBuildFile; fileRef = 31D606620E8E0DE90042B48F /* IOKit.framework */; };
		31EBA9020ED3F75E006F4885 /* PreferencesController.m in Sources */ = {isa = PBXBuildFile; fileRef = 31EBA9010ED3F75E006F4885 /* PreferencesController.m */; };
		8D11072B0486CEB800E47090 /* InfoPlist.strings in Resources */ = {isa = PBXBuildFile; fileRef = 089C165CFE840E0CC02AAC07 /* InfoPlist.strings */; };
		8D11072D0486CEB800E47090 /* main.m in Sources */ = {isa = PBXBuildFile; fileRef = 29B97316FDCFA39411CA2CEA /* main.m */; settings = {ATTRIBUTES = (); }; };
		8D11072F0486CEB800E47090 /* Cocoa.framework in Frameworks */ = {isa = PBXBuildFile; fileRef = 1058C7A1FEA54F0111CA2CBB /* Cocoa.framework */; };
/* End PBXBuildFile section */

/* Begin PBXFileReference section */
		089C165DFE840E0CC02AAC07 /* English */ = {isa = PBXFileReference; fileEncoding = 10; lastKnownFileType = text.plist.strings; name = English; path = English.lproj/InfoPlist.strings; sourceTree = "<group>"; };
		1058C7A1FEA54F0111CA2CBB /* Cocoa.framework */ = {isa = PBXFileReference; lastKnownFileType = wrapper.framework; name = Cocoa.framework; path = /System/Library/Frameworks/Cocoa.framework; sourceTree = "<absolute>"; };
		13E42FB307B3F0F600E4EEF1 /* CoreData.framework */ = {isa = PBXFileReference; lastKnownFileType = wrapper.framework; name = CoreData.framework; path = /System/Library/Frameworks/CoreData.framework; sourceTree = "<absolute>"; };
		1DDD58150DA1D0A300B32029 /* English */ = {isa = PBXFileReference; lastKnownFileType = file.xib; name = English; path = English.lproj/MainMenu.xib; sourceTree = "<group>"; };
		29B97316FDCFA39411CA2CEA /* main.m */ = {isa = PBXFileReference; fileEncoding = 4; lastKnownFileType = sourcecode.c.objc; path = main.m; sourceTree = "<group>"; };
		29B97324FDCFA39411CA2CEA /* AppKit.framework */ = {isa = PBXFileReference; lastKnownFileType = wrapper.framework; name = AppKit.framework; path = /System/Library/Frameworks/AppKit.framework; sourceTree = "<absolute>"; };
		29B97325FDCFA39411CA2CEA /* Foundation.framework */ = {isa = PBXFileReference; lastKnownFileType = wrapper.framework; name = Foundation.framework; path = /System/Library/Frameworks/Foundation.framework; sourceTree = "<absolute>"; };
		311327AE0E94513C00C8397D /* LinksNode.h */ = {isa = PBXFileReference; fileEncoding = 4; lastKnownFileType = sourcecode.c.h; path = LinksNode.h; sourceTree = "<group>"; };
		311327AF0E94513C00C8397D /* LinksNode.m */ = {isa = PBXFileReference; fileEncoding = 4; lastKnownFileType = sourcecode.c.objc; path = LinksNode.m; sourceTree = "<group>"; };
		311329820E9496C300C8397D /* WebKit.framework */ = {isa = PBXFileReference; lastKnownFileType = wrapper.framework; name = WebKit.framework; path = /System/Library/Frameworks/WebKit.framework; sourceTree = "<absolute>"; };
		3153932A0E96B5F500118C54 /* English */ = {isa = PBXFileReference; fileEncoding = 4; lastKnownFileType = sourcecode.c.h; name = English; path = English.lproj/PhotoNode.h; sourceTree = "<group>"; };
		3153932B0E96B5F500118C54 /* PhotoNode.m */ = {isa = PBXFileReference; fileEncoding = 4; lastKnownFileType = sourcecode.c.objc; path = PhotoNode.m; sourceTree = "<group>"; };
		316AA86C0E94AF9600CFE410 /* mapa.html */ = {isa = PBXFileReference; fileEncoding = 4; lastKnownFileType = text.html; path = mapa.html; sourceTree = "<group>"; };
		317FCEDE0E8E00D1006EA6A3 /* Device.h */ = {isa = PBXFileReference; fileEncoding = 4; lastKnownFileType = sourcecode.c.h; path = Device.h; sourceTree = "<group>"; };
		317FCEDF0E8E00D1006EA6A3 /* Device.m */ = {isa = PBXFileReference; fileEncoding = 4; lastKnownFileType = sourcecode.c.objc; path = Device.m; sourceTree = "<group>"; };
		31AA74E10E95C83D003E37E7 /* PointNode.h */ = {isa = PBXFileReference; fileEncoding = 4; lastKnownFileType = sourcecode.c.h; path = PointNode.h; sourceTree = "<group>"; };
		31AA74E20E95C83D003E37E7 /* PointNode.m */ = {isa = PBXFileReference; fileEncoding = 4; lastKnownFileType = sourcecode.c.objc; path = PointNode.m; sourceTree = "<group>"; };
		31AA76CC0E95F649003E37E7 /* TrackNode.h */ = {isa = PBXFileReference; fileEncoding = 4; lastKnownFileType = sourcecode.c.h; path = TrackNode.h; sourceTree = "<group>"; };
		31AA76CD0E95F649003E37E7 /* TrackNode.m */ = {isa = PBXFileReference; fileEncoding = 4; lastKnownFileType = sourcecode.c.objc; path = TrackNode.m; sourceTree = "<group>"; };
		31B376770E9B3640006C3056 /* ControlController.h */ = {isa = PBXFileReference; fileEncoding = 4; lastKnownFileType = sourcecode.c.h; path = ControlController.h; sourceTree = "<group>"; };
		31B376780E9B3640006C3056 /* ControlController.m */ = {isa = PBXFileReference; fileEncoding = 4; lastKnownFileType = sourcecode.c.objc; path = ControlController.m; sourceTree = "<group>"; };
		31B5F2580EB595B7008CD615 /* ImageAndTextCell.h */ = {isa = PBXFileReference; fileEncoding = 4; lastKnownFileType = sourcecode.c.h; path = ImageAndTextCell.h; sourceTree = "<group>"; };
		31B5F2590EB595B7008CD615 /* ImageAndTextCell.m */ = {isa = PBXFileReference; fileEncoding = 4; lastKnownFileType = sourcecode.c.objc; path = ImageAndTextCell.m; sourceTree = "<group>"; };
		31C2251D0EA85FE6000C97F1 /* GLFlickr.h */ = {isa = PBXFileReference; fileEncoding = 4; lastKnownFileType = sourcecode.c.h; path = GLFlickr.h; sourceTree = "<group>"; };
		31C2251E0EA85FE6000C97F1 /* GLFlickr.m */ = {isa = PBXFileReference; fileEncoding = 4; lastKnownFileType = sourcecode.c.objc; path = GLFlickr.m; sourceTree = "<group>"; };
		31C323690E96ED9E00B5AC98 /* GPSPoint.h */ = {isa = PBXFileReference; fileEncoding = 4; lastKnownFileType = sourcecode.c.h; path = GPSPoint.h; sourceTree = "<group>"; };
		31C3236A0E96ED9E00B5AC98 /* GPSPoint.m */ = {isa = PBXFileReference; fileEncoding = 4; lastKnownFileType = sourcecode.c.objc; path = GPSPoint.m; sourceTree = "<group>"; };
		31C54ED60E92A00A004F5997 /* AppController.h */ = {isa = PBXFileReference; fileEncoding = 4; lastKnownFileType = sourcecode.c.h; path = AppController.h; sourceTree = "<group>"; };
		31C54ED70E92A00A004F5997 /* AppController.m */ = {isa = PBXFileReference; fileEncoding = 4; lastKnownFileType = sourcecode.c.objc; path = AppController.m; sourceTree = "<group>"; };
		31CBBBFD0EAF0EBC00499DCC /* photosize.xq */ = {isa = PBXFileReference; fileEncoding = 4; lastKnownFileType = text; path = photosize.xq; sourceTree = "<group>"; };
		31D5B3800EAC10BC00084B43 /* photosets.xq */ = {isa = PBXFileReference; fileEncoding = 4; lastKnownFileType = text; path = photosets.xq; sourceTree = "<group>"; };
		31D5B5210EAC1D5300084B43 /* photolist.xq */ = {isa = PBXFileReference; fileEncoding = 4; lastKnownFileType = text; path = photolist.xq; sourceTree = "<group>"; };
		31D606620E8E0DE90042B48F /* IOKit.framework */ = {isa = PBXFileReference; lastKnownFileType = wrapper.framework; name = IOKit.framework; path = /System/Library/Frameworks/IOKit.framework; sourceTree = "<absolute>"; };
		31EBA9000ED3F75E006F4885 /* PreferencesController.h */ = {isa = PBXFileReference; fileEncoding = 4; lastKnownFileType = sourcecode.c.h; path = PreferencesController.h; sourceTree = "<group>"; };
		31EBA9010ED3F75E006F4885 /* PreferencesController.m */ = {isa = PBXFileReference; fileEncoding = 4; lastKnownFileType = sourcecode.c.objc; path = PreferencesController.m; sourceTree = "<group>"; };
		32CA4F630368D1EE00C91783 /* GPSLogger_Prefix.pch */ = {isa = PBXFileReference; fileEncoding = 4; lastKnownFileType = sourcecode.c.h; path = GPSLogger_Prefix.pch; sourceTree = "<group>"; };
		8D1107310486CEB800E47090 /* Info.plist */ = {isa = PBXFileReference; fileEncoding = 4; lastKnownFileType = text.plist.xml; path = Info.plist; sourceTree = "<group>"; };
		8D1107320486CEB800E47090 /* GPSLogger.app */ = {isa = PBXFileReference; explicitFileType = wrapper.application; includeInIndex = 0; path = GPSLogger.app; sourceTree = BUILT_PRODUCTS_DIR; };
/* End PBXFileReference section */

/* Begin PBXFrameworksBuildPhase section */
		8D11072E0486CEB800E47090 /* Frameworks */ = {
			isa = PBXFrameworksBuildPhase;
			buildActionMask = 2147483647;
			files = (
				8D11072F0486CEB800E47090 /* Cocoa.framework in Frameworks */,
				31D606630E8E0DE90042B48F /* IOKit.framework in Frameworks */,
				311329830E9496C300C8397D /* WebKit.framework in Frameworks */,
			);
			runOnlyForDeploymentPostprocessing = 0;
		};
/* End PBXFrameworksBuildPhase section */

/* Begin PBXGroup section */
		080E96DDFE201D6D7F000001 /* Classes */ = {
			isa = PBXGroup;
			children = (
				31C323690E96ED9E00B5AC98 /* GPSPoint.h */,
				31C3236A0E96ED9E00B5AC98 /* GPSPoint.m */,
			);
			name = Classes;
			sourceTree = "<group>";
		};
		1058C7A0FEA54F0111CA2CBB /* Linked Frameworks */ = {
			isa = PBXGroup;
			children = (
				311329820E9496C300C8397D /* WebKit.framework */,
				31D606620E8E0DE90042B48F /* IOKit.framework */,
				1058C7A1FEA54F0111CA2CBB /* Cocoa.framework */,
			);
			name = "Linked Frameworks";
			sourceTree = "<group>";
		};
		1058C7A2FEA54F0111CA2CBB /* Other Frameworks */ = {
			isa = PBXGroup;
			children = (
				29B97324FDCFA39411CA2CEA /* AppKit.framework */,
				13E42FB307B3F0F600E4EEF1 /* CoreData.framework */,
				29B97325FDCFA39411CA2CEA /* Foundation.framework */,
			);
			name = "Other Frameworks";
			sourceTree = "<group>";
		};
		19C28FACFE9D520D11CA2CBB /* Products */ = {
			isa = PBXGroup;
			children = (
				8D1107320486CEB800E47090 /* GPSLogger.app */,
			);
			name = Products;
			sourceTree = "<group>";
		};
		29B97314FDCFA39411CA2CEA /* GPSLogger */ = {
			isa = PBXGroup;
			children = (
				316AA86C0E94AF9600CFE410 /* mapa.html */,
				080E96DDFE201D6D7F000001 /* Classes */,
				29B97315FDCFA39411CA2CEA /* Other Sources */,
				29B97317FDCFA39411CA2CEA /* Resources */,
				29B97323FDCFA39411CA2CEA /* Frameworks */,
				19C28FACFE9D520D11CA2CBB /* Products */,
			);
			name = GPSLogger;
			sourceTree = "<group>";
		};
		29B97315FDCFA39411CA2CEA /* Other Sources */ = {
			isa = PBXGroup;
			children = (
				32CA4F630368D1EE00C91783 /* GPSLogger_Prefix.pch */,
				29B97316FDCFA39411CA2CEA /* main.m */,
			);
			name = "Other Sources";
			sourceTree = "<group>";
		};
		29B97317FDCFA39411CA2CEA /* Resources */ = {
			isa = PBXGroup;
			children = (
				31B5F2580EB595B7008CD615 /* ImageAndTextCell.h */,
				31B5F2590EB595B7008CD615 /* ImageAndTextCell.m */,
				31D5B37F0EAC107E00084B43 /* xquery */,
				315393290E96B5DF00118C54 /* nodos */,
				31C54ED60E92A00A004F5997 /* AppController.h */,
				31C54ED70E92A00A004F5997 /* AppController.m */,
				31B376770E9B3640006C3056 /* ControlController.h */,
				31B376780E9B3640006C3056 /* ControlController.m */,
				8D1107310486CEB800E47090 /* Info.plist */,
				089C165CFE840E0CC02AAC07 /* InfoPlist.strings */,
				1DDD58140DA1D0A300B32029 /* MainMenu.xib */,
				317FCEDE0E8E00D1006EA6A3 /* Device.h */,
				317FCEDF0E8E00D1006EA6A3 /* Device.m */,
				311327AE0E94513C00C8397D /* LinksNode.h */,
				311327AF0E94513C00C8397D /* LinksNode.m */,
				31C2251D0EA85FE6000C97F1 /* GLFlickr.h */,
				31C2251E0EA85FE6000C97F1 /* GLFlickr.m */,
				31EBA9000ED3F75E006F4885 /* PreferencesController.h */,
				31EBA9010ED3F75E006F4885 /* PreferencesController.m */,
			);
			name = Resources;
			sourceTree = "<group>";
		};
		29B97323FDCFA39411CA2CEA /* Frameworks */ = {
			isa = PBXGroup;
			children = (
				1058C7A0FEA54F0111CA2CBB /* Linked Frameworks */,
				1058C7A2FEA54F0111CA2CBB /* Other Frameworks */,
			);
			name = Frameworks;
			sourceTree = "<group>";
		};
		315393290E96B5DF00118C54 /* nodos */ = {
			isa = PBXGroup;
			children = (
				31AA76CC0E95F649003E37E7 /* TrackNode.h */,
				31AA76CD0E95F649003E37E7 /* TrackNode.m */,
				31AA74E10E95C83D003E37E7 /* PointNode.h */,
				31AA74E20E95C83D003E37E7 /* PointNode.m */,
				31A613490E99934300B18B2C /* PhotoNode.h */,
				3153932B0E96B5F500118C54 /* PhotoNode.m */,
			);
			name = nodos;
			sourceTree = "<group>";
		};
		31D5B37F0EAC107E00084B43 /* xquery */ = {
			isa = PBXGroup;
			children = (
				31D5B3800EAC10BC00084B43 /* photosets.xq */,
				31D5B5210EAC1D5300084B43 /* photolist.xq */,
				31CBBBFD0EAF0EBC00499DCC /* photosize.xq */,
			);
			name = xquery;
			sourceTree = "<group>";
		};
/* End PBXGroup section */

/* Begin PBXNativeTarget section */
		8D1107260486CEB800E47090 /* GPSLogger */ = {
			isa = PBXNativeTarget;
			buildConfigurationList = C01FCF4A08A954540054247B /* Build configuration list for PBXNativeTarget "GPSLogger" */;
			buildPhases = (
				8D1107290486CEB800E47090 /* Resources */,
				8D11072C0486CEB800E47090 /* Sources */,
				8D11072E0486CEB800E47090 /* Frameworks */,
			);
			buildRules = (
			);
			dependencies = (
			);
			name = GPSLogger;
			productInstallPath = "$(HOME)/Applications";
			productName = GPSLogger;
			productReference = 8D1107320486CEB800E47090 /* GPSLogger.app */;
			productType = "com.apple.product-type.application";
		};
/* End PBXNativeTarget section */

/* Begin PBXProject section */
		29B97313FDCFA39411CA2CEA /* Project object */ = {
			isa = PBXProject;
			buildConfigurationList = C01FCF4E08A954540054247B /* Build configuration list for PBXProject "GPSLogger" */;
			compatibilityVersion = "Xcode 3.1";
			hasScannedForEncodings = 1;
			mainGroup = 29B97314FDCFA39411CA2CEA /* GPSLogger */;
			projectDirPath = "";
			projectRoot = "";
			targets = (
				8D1107260486CEB800E47090 /* GPSLogger */,
			);
		};
/* End PBXProject section */

/* Begin PBXResourcesBuildPhase section */
		8D1107290486CEB800E47090 /* Resources */ = {
			isa = PBXResourcesBuildPhase;
			buildActionMask = 2147483647;
			files = (
				8D11072B0486CEB800E47090 /* InfoPlist.strings in Resources */,
				1DDD58160DA1D0A300B32029 /* MainMenu.xib in Resources */,
				316AA86D0E94AF9600CFE410 /* mapa.html in Resources */,
				31D5B3CE0EAC12BB00084B43 /* photosets.xq in Resources */,
				31D5B5230EAC1E7800084B43 /* photolist.xq in Resources */,
				31CBBBFE0EAF0F4D00499DCC /* photosize.xq in Resources */,
			);
			runOnlyForDeploymentPostprocessing = 0;
		};
/* End PBXResourcesBuildPhase section */

/* Begin PBXSourcesBuildPhase section */
		8D11072C0486CEB800E47090 /* Sources */ = {
			isa = PBXSourcesBuildPhase;
			buildActionMask = 2147483647;
			files = (
				8D11072D0486CEB800E47090 /* main.m in Sources */,
				317FCEE00E8E00D1006EA6A3 /* Device.m in Sources */,
				31C54ED80E92A00A004F5997 /* AppController.m in Sources */,
				311327B00E94513C00C8397D /* LinksNode.m in Sources */,
				31AA74E30E95C83D003E37E7 /* PointNode.m in Sources */,
				31AA76CE0E95F649003E37E7 /* TrackNode.m in Sources */,
				3153932C0E96B5F500118C54 /* PhotoNode.m in Sources */,
				31C3236B0E96ED9E00B5AC98 /* GPSPoint.m in Sources */,
				31B376790E9B3640006C3056 /* ControlController.m in Sources */,
				31C2251F0EA85FE6000C97F1 /* GLFlickr.m in Sources */,
				31B5F25A0EB595B7008CD615 /* ImageAndTextCell.m in Sources */,
				31EBA9020ED3F75E006F4885 /* PreferencesController.m in Sources */,
			);
			runOnlyForDeploymentPostprocessing = 0;
		};
/* End PBXSourcesBuildPhase section */

/* Begin PBXVariantGroup section */
		089C165CFE840E0CC02AAC07 /* InfoPlist.strings */ = {
			isa = PBXVariantGroup;
			children = (
				089C165DFE840E0CC02AAC07 /* English */,
			);
			name = InfoPlist.strings;
			sourceTree = "<group>";
		};
		1DDD58140DA1D0A300B32029 /* MainMenu.xib */ = {
			isa = PBXVariantGroup;
			children = (
				1DDD58150DA1D0A300B32029 /* English */,
			);
			name = MainMenu.xib;
			sourceTree = "<group>";
		};
		31A613490E99934300B18B2C /* PhotoNode.h */ = {
			isa = PBXVariantGroup;
			children = (
				3153932A0E96B5F500118C54 /* English */,
			);
			name = PhotoNode.h;
			sourceTree = "<group>";
		};
/* End PBXVariantGroup section */

/* Begin XCBuildConfiguration section */
		C01FCF4B08A954540054247B /* Debug */ = {
			isa = XCBuildConfiguration;
			buildSettings = {
				ALWAYS_SEARCH_USER_PATHS = NO;
				COPY_PHASE_STRIP = NO;
				FRAMEWORK_SEARCH_PATHS = (
					"$(inherited)",
					"\"$(SRCROOT)\"",
				);
				GCC_DYNAMIC_NO_PIC = NO;
				GCC_ENABLE_FIX_AND_CONTINUE = YES;
				GCC_MODEL_TUNING = G5;
				GCC_OPTIMIZATION_LEVEL = 0;
				GCC_PRECOMPILE_PREFIX_HEADER = YES;
				GCC_PREFIX_HEADER = GPSLogger_Prefix.pch;
				INFOPLIST_FILE = Info.plist;
				INSTALL_PATH = "$(HOME)/Applications";
				PRODUCT_NAME = GPSLogger;
			};
			name = Debug;
		};
		C01FCF4C08A954540054247B /* Release */ = {
			isa = XCBuildConfiguration;
			buildSettings = {
				ALWAYS_SEARCH_USER_PATHS = NO;
				DEBUG_INFORMATION_FORMAT = "dwarf-with-dsym";
				FRAMEWORK_SEARCH_PATHS = (
					"$(inherited)",
					"\"$(SRCROOT)\"",
				);
				GCC_MODEL_TUNING = G5;
				GCC_PRECOMPILE_PREFIX_HEADER = YES;
				GCC_PREFIX_HEADER = GPSLogger_Prefix.pch;
				INFOPLIST_FILE = Info.plist;
				INSTALL_PATH = "$(HOME)/Applications";
				PRODUCT_NAME = GPSLogger;
			};
			name = Release;
		};
		C01FCF4F08A954540054247B /* Debug */ = {
			isa = XCBuildConfiguration;
			buildSettings = {
				ARCHS = "$(ARCHS_STANDARD_32_BIT)";
				GCC_C_LANGUAGE_STANDARD = c99;
				GCC_ENABLE_OBJC_GC = supported;
				GCC_OPTIMIZATION_LEVEL = 0;
				GCC_WARN_ABOUT_RETURN_TYPE = YES;
				GCC_WARN_UNUSED_VARIABLE = YES;
				ONLY_ACTIVE_ARCH = YES;
				PREBINDING = NO;
				SDKROOT = macosx10.5;
				VALID_ARCHS = "x86 x86_64";
			};
			name = Debug;
		};
		C01FCF5008A954540054247B /* Release */ = {
			isa = XCBuildConfiguration;
			buildSettings = {
				ARCHS = "$(ARCHS_STANDARD_32_BIT)";
				GCC_C_LANGUAGE_STANDARD = c99;
				GCC_ENABLE_OBJC_GC = supported;
				GCC_WARN_ABOUT_RETURN_TYPE = YES;
				GCC_WARN_UNUSED_VARIABLE = YES;
				ONLY_ACTIVE_ARCH = YES;
				PREBINDING = NO;
				SDKROOT = macosx10.5;
				VALID_ARCHS = "x86 x86_64";
			};
			name = Release;
		};
/* End XCBuildConfiguration section */

/* Begin XCConfigurationList section */
		C01FCF4A08A954540054247B /* Build configuration list for PBXNativeTarget "GPSLogger" */ = {
			isa = XCConfigurationList;
			buildConfigurations = (
				C01FCF4B08A954540054247B /* Debug */,
				C01FCF4C08A954540054247B /* Release */,
			);
			defaultConfigurationIsVisible = 0;
			defaultConfigurationName = Release;
		};
		C01FCF4E08A954540054247B /* Build configuration list for PBXProject "GPSLogger" */ = {
			isa = XCConfigurationList;
			buildConfigurations = (
				C01FCF4F08A954540054247B /* Debug */,
				C01FCF5008A954540054247B /* Release */,
			);
			defaultConfigurationIsVisible = 0;
			defaultConfigurationName = Release;
		};
/* End XCConfigurationList section */
	};
	rootObject = 29B97313FDCFA39411CA2CEA /* Project object */;
}
